
Microsoft Visual Studio Solution File, Format Version 12.00
# Visual Studio Version 17
VisualStudioVersion = 17.9.34728.123
MinimumVisualStudioVersion = 10.0.40219.1
Project("{FAE04EC0-301F-11D3-BF4B-00C04F79EFBC}") = "HELLOCSHARP", "HELLOCSHARP\HELLOCSHARP.csproj", "{FF39C54D-05F0-4727-8098-8EAD54AAA8E8}"
EndProject
Global
	GlobalSection(SolutionConfigurationPlatforms) = preSolution
		Debug|Any CPU = Debug|Any CPU
		Release|Any CPU = Release|Any CPU
	EndGlobalSection
	GlobalSection(ProjectConfigurationPlatforms) = postSolution
		{FF39C54D-05F0-4727-8098-8EAD54AAA8E8}.Debug|Any CPU.ActiveCfg = Debug|Any CPU
		{FF39C54D-05F0-4727-8098-8EAD54AAA8E8}.Debug|Any CPU.Build.0 = Debug|Any CPU
		{FF39C54D-05F0-4727-8098-8EAD54AAA8E8}.Release|Any CPU.ActiveCfg = Release|Any CPU
		{FF39C54D-05F0-4727-8098-8EAD54AAA8E8}.Release|Any CPU.Build.0 = Release|Any CPU
	EndGlobalSection
	GlobalSection(SolutionProperties) = preSolution
		HideSolutionNode = FALSE
	EndGlobalSection
	GlobalSection(ExtensibilityGlobals) = postSolution
		SolutionGuid = {27EF532A-854A-4495-A230-D272A8849E1D}
	EndGlobalSection
EndGlobal
